PODS:
  - MRJActionSheet (0.2.0.4):
    - MRJUIColorAdditions
  - MRJUIColorAdditions (0.1.0)

DEPENDENCIES:
  - MRJActionSheet (from `../`)

EXTERNAL SOURCES:
  MRJActionSheet:
    :path: ../

SPEC CHECKSUMS:
  MRJActionSheet: 36237f2d4879327150d00c3c663b65f2c85a151b
  MRJUIColorAdditions: a72dd04fb5d358f81fbd7eae8fc9da76b6f03590

PODFILE CHECKSUM: 58e2a0f5940479e500e33df2e654e9d266dff3b0

COCOAPODS: 1.3.1
